# nova.lock — сгенерирован автоматически (Plan 03.1 / D78).
# Фиксирует точные версии зависимостей для воспроизводимых
# сборок. Не редактируйте вручную; коммитьте в репозиторий.

version = 1

[[package]]
name = "http"
source = "path"
path = "../../nova-http"

[[package]]
name = "tls"
source = "git"
git = "https://github.com/nv-lang/nova-tls"
pin = "version:>=0.1.0, <0.2.0"
version = "0.1.1"
commit = "79440c53421d46294e72f406666032ed41098951"
